{
  "requires": true,
  "lockfileVersion": 1,
  "dependencies": {
    "@ibm/plex": {
      "version": "1.2.0",
      "resolved": "https://registry.npmjs.org/@ibm/plex/-/plex-1.2.0.tgz",
      "integrity": "sha512-T2SXq/2mawnmia9K2y1KWu9iH7o+Eqn3UOCs+7jBbtsZO22JG0vz2Z0O6fJFkdGVEFTBHa57ZJKwvS1b4Zex7g=="
    }
  }
}
